
Microsoft Visual Studio Solution File, Format Version 12.00
# Visual Studio Version 17
VisualStudioVersion = 17.5.33530.505
MinimumVisualStudioVersion = 10.0.40219.1
Project("{FAE04EC0-301F-11D3-BF4B-00C04F79EFBC}") = "Alacrity", "Alacrity\Alacrity.csproj", "{03D55BE2-552A-4EF6-967E-5F4D8D6ACE94}"
EndProject
Global
	GlobalSection(SolutionConfigurationPlatforms) = preSolution
		Debug|Any CPU = Debug|Any CPU
		Release|Any CPU = Release|Any CPU
	EndGlobalSection
	GlobalSection(ProjectConfigurationPlatforms) = postSolution
		{03D55BE2-552A-4EF6-967E-5F4D8D6ACE94}.Debug|Any CPU.ActiveCfg = Debug|Any CPU
		{03D55BE2-552A-4EF6-967E-5F4D8D6ACE94}.Debug|Any CPU.Build.0 = Debug|Any CPU
		{03D55BE2-552A-4EF6-967E-5F4D8D6ACE94}.Release|Any CPU.ActiveCfg = Release|Any CPU
		{03D55BE2-552A-4EF6-967E-5F4D8D6ACE94}.Release|Any CPU.Build.0 = Release|Any CPU
	EndGlobalSection
	GlobalSection(SolutionProperties) = preSolution
		HideSolutionNode = FALSE
	EndGlobalSection
	GlobalSection(ExtensibilityGlobals) = postSolution
		SolutionGuid = {3EC000E9-8547-4B44-A0E2-97823A760787}
	EndGlobalSection
EndGlobal
